Microsoft Visual Studio Solution File, Format Version 12.00
# Visual Studio Version 17
VisualStudioVersion = 17.5.2.0
MinimumVisualStudioVersion = 10.0.40219.1
Project("{FAE04EC0-301F-11D3-BF4B-00C04F79EFBC}") = "CoeurReacteurCSharp", "CoeurReacteurCSharp.csproj", "{05D390AC-F8A9-3F1B-843D-87FD4B6D3CD4}"
EndProject
Global
	GlobalSection(SolutionConfigurationPlatforms) = preSolution
		Debug|Any CPU = Debug|Any CPU
		Release|Any CPU = Release|Any CPU
	EndGlobalSection
	GlobalSection(ProjectConfigurationPlatforms) = postSolution
		{05D390AC-F8A9-3F1B-843D-87FD4B6D3CD4}.Debug|Any CPU.ActiveCfg = Debug|Any CPU
		{05D390AC-F8A9-3F1B-843D-87FD4B6D3CD4}.Debug|Any CPU.Build.0 = Debug|Any CPU
		{05D390AC-F8A9-3F1B-843D-87FD4B6D3CD4}.Release|Any CPU.ActiveCfg = Release|Any CPU
		{05D390AC-F8A9-3F1B-843D-87FD4B6D3CD4}.Release|Any CPU.Build.0 = Release|Any CPU
	EndGlobalSection
	GlobalSection(SolutionProperties) = preSolution
		HideSolutionNode = FALSE
	EndGlobalSection
	GlobalSection(ExtensibilityGlobals) = postSolution
		SolutionGuid = {C724C024-C7EA-4921-9646-6AD3C6A4DAEB}
	EndGlobalSection
EndGlobal
